Microsoft Visual Studio Solution File, Format Version 12.00
# Visual Studio Version 17
VisualStudioVersion = 17.0.31903.59
MinimumVisualStudioVersion = 10.0.40219.1
Project("{FAE04EC0-301F-11D3-BF4B-00C04F79EFBC}") = "HotAvalonia", "src/HotAvalonia/HotAvalonia.csproj", "{4DC5A913-2573-47FE-8434-0F7D030B2116}"
EndProject
Global
    GlobalSection(SolutionConfigurationPlatforms) = preSolution
        Debug|Any CPU = Debug|Any CPU
        Release|Any CPU = Release|Any CPU
    EndGlobalSection
    GlobalSection(SolutionProperties) = preSolution
        HideSolutionNode = FALSE
    EndGlobalSection
    GlobalSection(ProjectConfigurationPlatforms) = postSolution
        {4DC5A913-2573-47FE-8434-0F7D030B2116}.Debug|Any CPU.ActiveCfg = Debug|Any CPU
        {4DC5A913-2573-47FE-8434-0F7D030B2116}.Debug|Any CPU.Build.0 = Debug|Any CPU
        {4DC5A913-2573-47FE-8434-0F7D030B2116}.Release|Any CPU.ActiveCfg = Release|Any CPU
        {4DC5A913-2573-47FE-8434-0F7D030B2116}.Release|Any CPU.Build.0 = Release|Any CPU
    EndGlobalSection
EndGlobal
